{
  "name": "fuelpricesgr",
  "lockfileVersion": 2,
  "requires": true,
  "packages": {
    "": {
      "dependencies": {
        "bootswatch": "^5.2.2"
      }
    },
    "node_modules/bootswatch": {
      "version": "5.2.2",
      "resolved": "https://registry.npmjs.org/bootswatch/-/bootswatch-5.2.2.tgz",
      "integrity": "sha512-ByybawTUbMzzsdIb+5lYjme088UBYtNBhJCBt4W77PKG57fzjd2Y11rdGDgHgFGXVTMD2Oaci3/qJon4L0ceTQ=="
    }
  },
  "dependencies": {
    "bootswatch": {
      "version": "5.2.2",
      "resolved": "https://registry.npmjs.org/bootswatch/-/bootswatch-5.2.2.tgz",
      "integrity": "sha512-ByybawTUbMzzsdIb+5lYjme088UBYtNBhJCBt4W77PKG57fzjd2Y11rdGDgHgFGXVTMD2Oaci3/qJon4L0ceTQ=="
    }
  }
}
